
Microsoft Visual Studio Solution File, Format Version 12.00
# Visual Studio Version 17
VisualStudioVersion = 17.7.34202.233
MinimumVisualStudioVersion = 10.0.40219.1
Project("{FAE04EC0-301F-11D3-BF4B-00C04F79EFBC}") = "Project1", "Project1\Project1.csproj", "{7B2DE973-27E4-4482-B4D0-B48D970B1BBC}"
EndProject
Global
	GlobalSection(SolutionConfigurationPlatforms) = preSolution
		Debug|Any CPU = Debug|Any CPU
		Release|Any CPU = Release|Any CPU
	EndGlobalSection
	GlobalSection(ProjectConfigurationPlatforms) = postSolution
		{7B2DE973-27E4-4482-B4D0-B48D970B1BBC}.Debug|Any CPU.ActiveCfg = Debug|Any CPU
		{7B2DE973-27E4-4482-B4D0-B48D970B1BBC}.Debug|Any CPU.Build.0 = Debug|Any CPU
		{7B2DE973-27E4-4482-B4D0-B48D970B1BBC}.Release|Any CPU.ActiveCfg = Release|Any CPU
		{7B2DE973-27E4-4482-B4D0-B48D970B1BBC}.Release|Any CPU.Build.0 = Release|Any CPU
	EndGlobalSection
	GlobalSection(SolutionProperties) = preSolution
		HideSolutionNode = FALSE
	EndGlobalSection
	GlobalSection(ExtensibilityGlobals) = postSolution
		SolutionGuid = {EA038161-A988-4836-B4C0-D4C61A55B4FB}
	EndGlobalSection
EndGlobal
